// !$*UTF8*$!
{
	archiveVersion = 1;
	classes = {
	};
	objectVersion = 56;
	objects = {

/* Begin PBXBuildFile section */
		EB9AACEF2B48253200B13914 /* GitHubBrowserNetwork in Resources */ = {isa = PBXBuildFile; fileRef = EB9AACEE2B48253200B13914 /* GitHubBrowserNetwork */; };
		EB9AACF42B48257100B13914 /* GitHubBrowserNetwork in Frameworks */ = {isa = PBXBuildFile; productRef = EB9AACF32B48257100B13914 /* GitHubBrowserNetwork */; };
		EB9AACF72B48265600B13914 /* Container.swift in Sources */ = {isa = PBXBuildFile; fileRef = EB9AACF62B48265600B13914 /* Container.swift */; };
		EB9AACF92B48267900B13914 /* ServiceContainer.swift in Sources */ = {isa = PBXBuildFile; fileRef = EB9AACF82B48267900B13914 /* ServiceContainer.swift */; };
		EBBDC5D92B48743D00A0BFA2 /* GitHubBrowserUI in Resources */ = {isa = PBXBuildFile; fileRef = EBBDC5D82B48743D00A0BFA2 /* GitHubBrowserUI */; };
		EBC338292B480CE00037F738 /* GitHubBrowserApp.swift in Sources */ = {isa = PBXBuildFile; fileRef = EBC338282B480CE00037F738 /* GitHubBrowserApp.swift */; };
		EBC3382B2B480CE00037F738 /* SearchUserView.swift in Sources */ = {isa = PBXBuildFile; fileRef = EBC3382A2B480CE00037F738 /* SearchUserView.swift */; };
		EBC3382D2B480CE10037F738 /* Assets.xcassets in Resources */ = {isa = PBXBuildFile; fileRef = EBC3382C2B480CE10037F738 /* Assets.xcassets */; };
		EBC338312B480CE10037F738 /* Preview Assets.xcassets in Resources */ = {isa = PBXBuildFile; fileRef = EBC338302B480CE10037F738 /* Preview Assets.xcassets */; };
		EBE8AE172B49A2620047A2C2 /* UserDetailViewModel.swift in Sources */ = {isa = PBXBuildFile; fileRef = EBE8AE162B49A2620047A2C2 /* UserDetailViewModel.swift */; };
		EBE8AE192B49A8000047A2C2 /* WebView.swift in Sources */ = {isa = PBXBuildFile; fileRef = EBE8AE182B49A8000047A2C2 /* WebView.swift */; };
		EBEEDF5C2B49C60F00B974DC /* Localizable.strings in Resources */ = {isa = PBXBuildFile; fileRef = EBEEDF5A2B49C59600B974DC /* Localizable.strings */; };
		EBEEDF5E2B49C94F00B974DC /* String+Extension.swift in Sources */ = {isa = PBXBuildFile; fileRef = EBEEDF5D2B49C94F00B974DC /* String+Extension.swift */; };
		EBFE07B12B4876E500490D6C /* GitHubBrowserUI in Frameworks */ = {isa = PBXBuildFile; productRef = EBFE07B02B4876E500490D6C /* GitHubBrowserUI */; };
		EBFE07B52B48A67F00490D6C /* SearchUserViewModelTests.swift in Sources */ = {isa = PBXBuildFile; fileRef = EBFE07B42B48A67F00490D6C /* SearchUserViewModelTests.swift */; };
		EBFE07B72B48A6A400490D6C /* ContainerMock.swift in Sources */ = {isa = PBXBuildFile; fileRef = EBFE07B62B48A6A400490D6C /* ContainerMock.swift */; };
		EBFE07BD2B49493800490D6C /* NavigationFlow.swift in Sources */ = {isa = PBXBuildFile; fileRef = EBFE07BC2B49493800490D6C /* NavigationFlow.swift */; };
		EBFE07BF2B4949C100490D6C /* MainAppView.swift in Sources */ = {isa = PBXBuildFile; fileRef = EBFE07BE2B4949C100490D6C /* MainAppView.swift */; };
		EBFE07C12B494CC400490D6C /* UserDetailView.swift in Sources */ = {isa = PBXBuildFile; fileRef = EBFE07C02B494CC400490D6C /* UserDetailView.swift */; };
/* End PBXBuildFile section */

/* Begin PBXContainerItemProxy section */
		EBC338372B480CE10037F738 /* PBXContainerItemProxy */ = {
			isa = PBXContainerItemProxy;
			containerPortal = EBC3381D2B480CE00037F738 /* Project object */;
			proxyType = 1;
			remoteGlobalIDString = EBC338242B480CE00037F738;
			remoteInfo = GitHubBrowser;
		};
/* End PBXContainerItemProxy section */

/* Begin PBXFileReference section */
		EB9AACEE2B48253200B13914 /* GitHubBrowserNetwork */ = {isa = PBXFileReference; lastKnownFileType = wrapper; path = GitHubBrowserNetwork; sourceTree = "<group>"; };
		EB9AACF62B48265600B13914 /* Container.swift */ = {isa = PBXFileReference; lastKnownFileType = sourcecode.swift; path = Container.swift; sourceTree = "<group>"; };
		EB9AACF82B48267900B13914 /* ServiceContainer.swift */ = {isa = PBXFileReference; lastKnownFileType = sourcecode.swift; path = ServiceContainer.swift; sourceTree = "<group>"; };
		EBBDC5D82B48743D00A0BFA2 /* GitHubBrowserUI */ = {isa = PBXFileReference; lastKnownFileType = wrapper; path = GitHubBrowserUI; sourceTree = "<group>"; };
		EBC338252B480CE00037F738 /* GitHubBrowser.app */ = {isa = PBXFileReference; explicitFileType = wrapper.application; includeInIndex = 0; path = GitHubBrowser.app; sourceTree = BUILT_PRODUCTS_DIR; };
		EBC338282B480CE00037F738 /* GitHubBrowserApp.swift */ = {isa = PBXFileReference; lastKnownFileType = sourcecode.swift; path = GitHubBrowserApp.swift; sourceTree = "<group>"; };
		EBC3382A2B480CE00037F738 /* SearchUserView.swift */ = {isa = PBXFileReference; lastKnownFileType = sourcecode.swift; path = SearchUserView.swift; sourceTree = "<group>"; };
		EBC3382C2B480CE10037F738 /* Assets.xcassets */ = {isa = PBXFileReference; lastKnownFileType = folder.assetcatalog; path = Assets.xcassets; sourceTree = "<group>"; };
		EBC3382E2B480CE10037F738 /* GitHubBrowser.entitlements */ = {isa = PBXFileReference; lastKnownFileType = text.plist.entitlements; path = GitHubBrowser.entitlements; sourceTree = "<group>"; };
		EBC338302B480CE10037F738 /* Preview Assets.xcassets */ = {isa = PBXFileReference; lastKnownFileType = folder.assetcatalog; path = "Preview Assets.xcassets"; sourceTree = "<group>"; };
		EBC338362B480CE10037F738 /* GitHubBrowserTests.xctest */ = {isa = PBXFileReference; explicitFileType = wrapper.cfbundle; includeInIndex = 0; path = GitHubBrowserTests.xctest; sourceTree = BUILT_PRODUCTS_DIR; };
		EBE8AE162B49A2620047A2C2 /* UserDetailViewModel.swift */ = {isa = PBXFileReference; lastKnownFileType = sourcecode.swift; path = UserDetailViewModel.swift; sourceTree = "<group>"; };
		EBE8AE182B49A8000047A2C2 /* WebView.swift */ = {isa = PBXFileReference; lastKnownFileType = sourcecode.swift; path = WebView.swift; sourceTree = "<group>"; };
		EBEEDF592B49C59600B974DC /* fr */ = {isa = PBXFileReference; lastKnownFileType = text.plist.strings; name = fr; path = fr.lproj/Localizable.strings; sourceTree = "<group>"; };
		EBEEDF5B2B49C5A100B974DC /* en */ = {isa = PBXFileReference; lastKnownFileType = text.plist.strings; name = en; path = en.lproj/Localizable.strings; sourceTree = "<group>"; };
		EBEEDF5D2B49C94F00B974DC /* String+Extension.swift */ = {isa = PBXFileReference; lastKnownFileType = sourcecode.swift; path = "String+Extension.swift"; sourceTree = "<group>"; };
		EBF9CCDC2B499EF700C71959 /* .swiftlint.yml */ = {isa = PBXFileReference; lastKnownFileType = text.yaml; path = .swiftlint.yml; sourceTree = "<group>"; };
		EBFE07B22B48917000490D6C /* GitHubBrowser.xctestplan */ = {isa = PBXFileReference; lastKnownFileType = text; path = GitHubBrowser.xctestplan; sourceTree = "<group>"; };
		EBFE07B32B48A67E00490D6C /* GitHubBrowserTests-Bridging-Header.h */ = {isa = PBXFileReference; lastKnownFileType = sourcecode.c.h; path = "GitHubBrowserTests-Bridging-Header.h"; sourceTree = "<group>"; };
		EBFE07B42B48A67F00490D6C /* SearchUserViewModelTests.swift */ = {isa = PBXFileReference; lastKnownFileType = sourcecode.swift; path = SearchUserViewModelTests.swift; sourceTree = "<group>"; };
		EBFE07B62B48A6A400490D6C /* ContainerMock.swift */ = {isa = PBXFileReference; lastKnownFileType = sourcecode.swift; path = ContainerMock.swift; sourceTree = "<group>"; };
		EBFE07BC2B49493800490D6C /* NavigationFlow.swift */ = {isa = PBXFileReference; lastKnownFileType = sourcecode.swift; path = NavigationFlow.swift; sourceTree = "<group>"; };
		EBFE07BE2B4949C100490D6C /* MainAppView.swift */ = {isa = PBXFileReference; lastKnownFileType = sourcecode.swift; path = MainAppView.swift; sourceTree = "<group>"; };
		EBFE07C02B494CC400490D6C /* UserDetailView.swift */ = {isa = PBXFileReference; lastKnownFileType = sourcecode.swift; path = UserDetailView.swift; sourceTree = "<group>"; };
/* End PBXFileReference section */

/* Begin PBXFrameworksBuildPhase section */
		EBC338222B480CE00037F738 /* Frameworks */ = {
			isa = PBXFrameworksBuildPhase;
			buildActionMask = 2147483647;
			files = (
				EBFE07B12B4876E500490D6C /* GitHubBrowserUI in Frameworks */,
				EB9AACF42B48257100B13914 /* GitHubBrowserNetwork in Frameworks */,
			);
			runOnlyForDeploymentPostprocessing = 0;
		};
		EBC338332B480CE10037F738 /* Frameworks */ = {
			isa = PBXFrameworksBuildPhase;
			buildActionMask = 2147483647;
			files = (
			);
			runOnlyForDeploymentPostprocessing = 0;
		};
/* End PBXFrameworksBuildPhase section */

/* Begin PBXGroup section */
		EB9AACF02B48255400B13914 /* Frameworks */ = {
			isa = PBXGroup;
			children = (
			);
			name = Frameworks;
			sourceTree = "<group>";
		};
		EB9AACF52B48264900B13914 /* DIContainer */ = {
			isa = PBXGroup;
			children = (
				EB9AACF62B48265600B13914 /* Container.swift */,
				EB9AACF82B48267900B13914 /* ServiceContainer.swift */,
			);
			path = DIContainer;
			sourceTree = "<group>";
		};
		EBC3381C2B480CE00037F738 = {
			isa = PBXGroup;
			children = (
				EBEEDF5A2B49C59600B974DC /* Localizable.strings */,
				EBF9CCDC2B499EF700C71959 /* .swiftlint.yml */,
				EBFE07B22B48917000490D6C /* GitHubBrowser.xctestplan */,
				EBC338532B480D120037F738 /* Packages */,
				EBC338272B480CE00037F738 /* GitHubBrowser */,
				EBC338392B480CE10037F738 /* GitHubBrowserTests */,
				EBC338262B480CE00037F738 /* Products */,
				EB9AACF02B48255400B13914 /* Frameworks */,
			);
			sourceTree = "<group>";
		};
		EBC338262B480CE00037F738 /* Products */ = {
			isa = PBXGroup;
			children = (
				EBC338252B480CE00037F738 /* GitHubBrowser.app */,
				EBC338362B480CE10037F738 /* GitHubBrowserTests.xctest */,
			);
			name = Products;
			sourceTree = "<group>";
		};
		EBC338272B480CE00037F738 /* GitHubBrowser */ = {
			isa = PBXGroup;
			children = (
				EBFE07BB2B49491E00490D6C /* Flow */,
				EBFE07BA2B49490200490D6C /* Views */,
				EB9AACF52B48264900B13914 /* DIContainer */,
				EBC338282B480CE00037F738 /* GitHubBrowserApp.swift */,
				EBC3382C2B480CE10037F738 /* Assets.xcassets */,
				EBC3382E2B480CE10037F738 /* GitHubBrowser.entitlements */,
				EBC3382F2B480CE10037F738 /* Preview Content */,
				EBEEDF5D2B49C94F00B974DC /* String+Extension.swift */,
			);
			path = GitHubBrowser;
			sourceTree = "<group>";
		};
		EBC3382F2B480CE10037F738 /* Preview Content */ = {
			isa = PBXGroup;
			children = (
				EBC338302B480CE10037F738 /* Preview Assets.xcassets */,
			);
			path = "Preview Content";
			sourceTree = "<group>";
		};
		EBC338392B480CE10037F738 /* GitHubBrowserTests */ = {
			isa = PBXGroup;
			children = (
				EBE8AE152B49A2440047A2C2 /* ViewModel */,
				EBFE07B82B48A7B100490D6C /* Mock */,
				EBFE07B32B48A67E00490D6C /* GitHubBrowserTests-Bridging-Header.h */,
			);
			path = GitHubBrowserTests;
			sourceTree = "<group>";
		};
		EBC338532B480D120037F738 /* Packages */ = {
			isa = PBXGroup;
			children = (
				EBBDC5D82B48743D00A0BFA2 /* GitHubBrowserUI */,
				EB9AACEE2B48253200B13914 /* GitHubBrowserNetwork */,
			);
			path = Packages;
			sourceTree = "<group>";
		};
		EBE8AE152B49A2440047A2C2 /* ViewModel */ = {
			isa = PBXGroup;
			children = (
				EBFE07B42B48A67F00490D6C /* SearchUserViewModelTests.swift */,
				EBE8AE162B49A2620047A2C2 /* UserDetailViewModel.swift */,
			);
			path = ViewModel;
			sourceTree = "<group>";
		};
		EBFE07B82B48A7B100490D6C /* Mock */ = {
			isa = PBXGroup;
			children = (
				EBFE07B62B48A6A400490D6C /* ContainerMock.swift */,
			);
			path = Mock;
			sourceTree = "<group>";
		};
		EBFE07BA2B49490200490D6C /* Views */ = {
			isa = PBXGroup;
			children = (
				EBC3382A2B480CE00037F738 /* SearchUserView.swift */,
				EBFE07BE2B4949C100490D6C /* MainAppView.swift */,
				EBFE07C02B494CC400490D6C /* UserDetailView.swift */,
				EBE8AE182B49A8000047A2C2 /* WebView.swift */,
			);
			path = Views;
			sourceTree = "<group>";
		};
		EBFE07BB2B49491E00490D6C /* Flow */ = {
			isa = PBXGroup;
			children = (
				EBFE07BC2B49493800490D6C /* NavigationFlow.swift */,
			);
			path = Flow;
			sourceTree = "<group>";
		};
/* End PBXGroup section */

/* Begin PBXNativeTarget section */
		EBC338242B480CE00037F738 /* GitHubBrowser */ = {
			isa = PBXNativeTarget;
			buildConfigurationList = EBC3384A2B480CE20037F738 /* Build configuration list for PBXNativeTarget "GitHubBrowser" */;
			buildPhases = (
				EBF9CCDB2B499EC300C71959 /* SwiftLint */,
				EBC338212B480CE00037F738 /* Sources */,
				EBC338222B480CE00037F738 /* Frameworks */,
				EBC338232B480CE00037F738 /* Resources */,
			);
			buildRules = (
			);
			dependencies = (
			);
			name = GitHubBrowser;
			packageProductDependencies = (
				EB9AACF32B48257100B13914 /* GitHubBrowserNetwork */,
				EBFE07B02B4876E500490D6C /* GitHubBrowserUI */,
			);
			productName = GitHubBrowser;
			productReference = EBC338252B480CE00037F738 /* GitHubBrowser.app */;
			productType = "com.apple.product-type.application";
		};
		EBC338352B480CE10037F738 /* GitHubBrowserTests */ = {
			isa = PBXNativeTarget;
			buildConfigurationList = EBC3384D2B480CE20037F738 /* Build configuration list for PBXNativeTarget "GitHubBrowserTests" */;
			buildPhases = (
				EBC338322B480CE10037F738 /* Sources */,
				EBC338332B480CE10037F738 /* Frameworks */,
				EBC338342B480CE10037F738 /* Resources */,
			);
			buildRules = (
			);
			dependencies = (
				EBC338382B480CE10037F738 /* PBXTargetDependency */,
			);
			name = GitHubBrowserTests;
			productName = GitHubBrowserTests;
			productReference = EBC338362B480CE10037F738 /* GitHubBrowserTests.xctest */;
			productType = "com.apple.product-type.bundle.unit-test";
		};
/* End PBXNativeTarget section */

/* Begin PBXProject section */
		EBC3381D2B480CE00037F738 /* Project object */ = {
			isa = PBXProject;
			attributes = {
				BuildIndependentTargetsInParallel = 1;
				LastSwiftUpdateCheck = 1500;
				LastUpgradeCheck = 1500;
				TargetAttributes = {
					EBC338242B480CE00037F738 = {
						CreatedOnToolsVersion = 15.0;
					};
					EBC338352B480CE10037F738 = {
						CreatedOnToolsVersion = 15.0;
						LastSwiftMigration = 1500;
						TestTargetID = EBC338242B480CE00037F738;
					};
				};
			};
			buildConfigurationList = EBC338202B480CE00037F738 /* Build configuration list for PBXProject "GitHubBrowser" */;
			compatibilityVersion = "Xcode 14.0";
			developmentRegion = fr;
			hasScannedForEncodings = 0;
			knownRegions = (
				en,
				Base,
				fr,
			);
			mainGroup = EBC3381C2B480CE00037F738;
			packageReferences = (
			);
			productRefGroup = EBC338262B480CE00037F738 /* Products */;
			projectDirPath = "";
			projectRoot = "";
			targets = (
				EBC338242B480CE00037F738 /* GitHubBrowser */,
				EBC338352B480CE10037F738 /* GitHubBrowserTests */,
			);
		};
/* End PBXProject section */

/* Begin PBXResourcesBuildPhase section */
		EBC338232B480CE00037F738 /* Resources */ = {
			isa = PBXResourcesBuildPhase;
			buildActionMask = 2147483647;
			files = (
				EBEEDF5C2B49C60F00B974DC /* Localizable.strings in Resources */,
				EBBDC5D92B48743D00A0BFA2 /* GitHubBrowserUI in Resources */,
				EB9AACEF2B48253200B13914 /* GitHubBrowserNetwork in Resources */,
				EBC338312B480CE10037F738 /* Preview Assets.xcassets in Resources */,
				EBC3382D2B480CE10037F738 /* Assets.xcassets in Resources */,
			);
			runOnlyForDeploymentPostprocessing = 0;
		};
		EBC338342B480CE10037F738 /* Resources */ = {
			isa = PBXResourcesBuildPhase;
			buildActionMask = 2147483647;
			files = (
			);
			runOnlyForDeploymentPostprocessing = 0;
		};
/* End PBXResourcesBuildPhase section */

/* Begin PBXShellScriptBuildPhase section */
		EBF9CCDB2B499EC300C71959 /* SwiftLint */ = {
			isa = PBXShellScriptBuildPhase;
			buildActionMask = 12;
			files = (
			);
			inputFileListPaths = (
			);
			inputPaths = (
			);
			name = SwiftLint;
			outputFileListPaths = (
			);
			outputPaths = (
			);
			runOnlyForDeploymentPostprocessing = 0;
			shellPath = /bin/zsh;
			shellScript = "alias swiftlint=\"/opt/homebrew/bin/swiftlint\"\n\nif swiftlint >/dev/null; then\n  swiftlint --fix && swiftlint\nelse\n  echo \"warning: SwiftLint not installed, download from https://github.com/realm/SwiftLint\"\nfi\n";
		};
/* End PBXShellScriptBuildPhase section */

/* Begin PBXSourcesBuildPhase section */
		EBC338212B480CE00037F738 /* Sources */ = {
			isa = PBXSourcesBuildPhase;
			buildActionMask = 2147483647;
			files = (
				EBC3382B2B480CE00037F738 /* SearchUserView.swift in Sources */,
				EBEEDF5E2B49C94F00B974DC /* String+Extension.swift in Sources */,
				EBE8AE192B49A8000047A2C2 /* WebView.swift in Sources */,
				EBFE07BF2B4949C100490D6C /* MainAppView.swift in Sources */,
				EBFE07BD2B49493800490D6C /* NavigationFlow.swift in Sources */,
				EB9AACF72B48265600B13914 /* Container.swift in Sources */,
				EBFE07C12B494CC400490D6C /* UserDetailView.swift in Sources */,
				EB9AACF92B48267900B13914 /* ServiceContainer.swift in Sources */,
				EBC338292B480CE00037F738 /* GitHubBrowserApp.swift in Sources */,
			);
			runOnlyForDeploymentPostprocessing = 0;
		};
		EBC338322B480CE10037F738 /* Sources */ = {
			isa = PBXSourcesBuildPhase;
			buildActionMask = 2147483647;
			files = (
				EBE8AE172B49A2620047A2C2 /* UserDetailViewModel.swift in Sources */,
				EBFE07B52B48A67F00490D6C /* SearchUserViewModelTests.swift in Sources */,
				EBFE07B72B48A6A400490D6C /* ContainerMock.swift in Sources */,
			);
			runOnlyForDeploymentPostprocessing = 0;
		};
/* End PBXSourcesBuildPhase section */

/* Begin PBXTargetDependency section */
		EBC338382B480CE10037F738 /* PBXTargetDependency */ = {
			isa = PBXTargetDependency;
			target = EBC338242B480CE00037F738 /* GitHubBrowser */;
			targetProxy = EBC338372B480CE10037F738 /* PBXContainerItemProxy */;
		};
/* End PBXTargetDependency section */

/* Begin PBXVariantGroup section */
		EBEEDF5A2B49C59600B974DC /* Localizable.strings */ = {
			isa = PBXVariantGroup;
			children = (
				EBEEDF592B49C59600B974DC /* fr */,
				EBEEDF5B2B49C5A100B974DC /* en */,
			);
			name = Localizable.strings;
			sourceTree = "<group>";
		};
/* End PBXVariantGroup section */

/* Begin XCBuildConfiguration section */
		EBC338482B480CE20037F738 /* Debug */ = {
			isa = XCBuildConfiguration;
			buildSettings = {
				ALWAYS_SEARCH_USER_PATHS = NO;
				ASSETCATALOG_COMPILER_GENERATE_SWIFT_ASSET_SYMBOL_EXTENSIONS = YES;
				CLANG_ANALYZER_NONNULL = YES;
				CLANG_ANALYZER_NUMBER_OBJECT_CONVERSION = YES_AGGRESSIVE;
				CLANG_CXX_LANGUAGE_STANDARD = "gnu++20";
				CLANG_ENABLE_MODULES = YES;
				CLANG_ENABLE_OBJC_ARC = YES;
				CLANG_ENABLE_OBJC_WEAK = YES;
				CLANG_WARN_BLOCK_CAPTURE_AUTORELEASING = YES;
				CLANG_WARN_BOOL_CONVERSION = YES;
				CLANG_WARN_COMMA = YES;
				CLANG_WARN_CONSTANT_CONVERSION = YES;
				CLANG_WARN_DEPRECATED_OBJC_IMPLEMENTATIONS = YES;
				CLANG_WARN_DIRECT_OBJC_ISA_USAGE = YES_ERROR;
				CLANG_WARN_DOCUMENTATION_COMMENTS = YES;
				CLANG_WARN_EMPTY_BODY = YES;
				CLANG_WARN_ENUM_CONVERSION = YES;
				CLANG_WARN_INFINITE_RECURSION = YES;
				CLANG_WARN_INT_CONVERSION = YES;
				CLANG_WARN_NON_LITERAL_NULL_CONVERSION = YES;
				CLANG_WARN_OBJC_IMPLICIT_RETAIN_SELF = YES;
				CLANG_WARN_OBJC_LITERAL_CONVERSION = YES;
				CLANG_WARN_OBJC_ROOT_CLASS = YES_ERROR;
				CLANG_WARN_QUOTED_INCLUDE_IN_FRAMEWORK_HEADER = YES;
				CLANG_WARN_RANGE_LOOP_ANALYSIS = YES;
				CLANG_WARN_STRICT_PROTOTYPES = YES;
				CLANG_WARN_SUSPICIOUS_MOVE = YES;
				CLANG_WARN_UNGUARDED_AVAILABILITY = YES_AGGRESSIVE;
				CLANG_WARN_UNREACHABLE_CODE = YES;
				CLANG_WARN__DUPLICATE_METHOD_MATCH = YES;
				COPY_PHASE_STRIP = NO;
				DEBUG_INFORMATION_FORMAT = dwarf;
				ENABLE_STRICT_OBJC_MSGSEND = YES;
				ENABLE_TESTABILITY = YES;
				ENABLE_USER_SCRIPT_SANDBOXING = YES;
				GCC_C_LANGUAGE_STANDARD = gnu17;
				GCC_DYNAMIC_NO_PIC = NO;
				GCC_NO_COMMON_BLOCKS = YES;
				GCC_OPTIMIZATION_LEVEL = 0;
				GCC_PREPROCESSOR_DEFINITIONS = (
					"DEBUG=1",
					"$(inherited)",
				);
				GCC_WARN_64_TO_32_BIT_CONVERSION = YES;
				GCC_WARN_ABOUT_RETURN_TYPE = YES_ERROR;
				GCC_WARN_UNDECLARED_SELECTOR = YES;
				GCC_WARN_UNINITIALIZED_AUTOS = YES_AGGRESSIVE;
				GCC_WARN_UNUSED_FUNCTION = YES;
				GCC_WARN_UNUSED_VARIABLE = YES;
				LOCALIZATION_PREFERS_STRING_CATALOGS = YES;
				MTL_ENABLE_DEBUG_INFO = INCLUDE_SOURCE;
				MTL_FAST_MATH = YES;
				ONLY_ACTIVE_ARCH = YES;
				SUPPORTED_PLATFORMS = "iphonesimulator iphoneos";
				SWIFT_ACTIVE_COMPILATION_CONDITIONS = "DEBUG $(inherited)";
				SWIFT_OPTIMIZATION_LEVEL = "-Onone";
			};
			name = Debug;
		};
		EBC338492B480CE20037F738 /* Release */ = {
			isa = XCBuildConfiguration;
			buildSettings = {
				ALWAYS_SEARCH_USER_PATHS = NO;
				ASSETCATALOG_COMPILER_GENERATE_SWIFT_ASSET_SYMBOL_EXTENSIONS = YES;
				CLANG_ANALYZER_NONNULL = YES;
				CLANG_ANALYZER_NUMBER_OBJECT_CONVERSION = YES_AGGRESSIVE;
				CLANG_CXX_LANGUAGE_STANDARD = "gnu++20";
				CLANG_ENABLE_MODULES = YES;
				CLANG_ENABLE_OBJC_ARC = YES;
				CLANG_ENABLE_OBJC_WEAK = YES;
				CLANG_WARN_BLOCK_CAPTURE_AUTORELEASING = YES;
				CLANG_WARN_BOOL_CONVERSION = YES;
				CLANG_WARN_COMMA = YES;
				CLANG_WARN_CONSTANT_CONVERSION = YES;
				CLANG_WARN_DEPRECATED_OBJC_IMPLEMENTATIONS = YES;
				CLANG_WARN_DIRECT_OBJC_ISA_USAGE = YES_ERROR;
				CLANG_WARN_DOCUMENTATION_COMMENTS = YES;
				CLANG_WARN_EMPTY_BODY = YES;
				CLANG_WARN_ENUM_CONVERSION = YES;
				CLANG_WARN_INFINITE_RECURSION = YES;
				CLANG_WARN_INT_CONVERSION = YES;
				CLANG_WARN_NON_LITERAL_NULL_CONVERSION = YES;
				CLANG_WARN_OBJC_IMPLICIT_RETAIN_SELF = YES;
				CLANG_WARN_OBJC_LITERAL_CONVERSION = YES;
				CLANG_WARN_OBJC_ROOT_CLASS = YES_ERROR;
				CLANG_WARN_QUOTED_INCLUDE_IN_FRAMEWORK_HEADER = YES;
				CLANG_WARN_RANGE_LOOP_ANALYSIS = YES;
				CLANG_WARN_STRICT_PROTOTYPES = YES;
				CLANG_WARN_SUSPICIOUS_MOVE = YES;
				CLANG_WARN_UNGUARDED_AVAILABILITY = YES_AGGRESSIVE;
				CLANG_WARN_UNREACHABLE_CODE = YES;
				CLANG_WARN__DUPLICATE_METHOD_MATCH = YES;
				COPY_PHASE_STRIP = NO;
				DEBUG_INFORMATION_FORMAT = "dwarf-with-dsym";
				ENABLE_NS_ASSERTIONS = NO;
				ENABLE_STRICT_OBJC_MSGSEND = YES;
				ENABLE_USER_SCRIPT_SANDBOXING = YES;
				GCC_C_LANGUAGE_STANDARD = gnu17;
				GCC_NO_COMMON_BLOCKS = YES;
				GCC_WARN_64_TO_32_BIT_CONVERSION = YES;
				GCC_WARN_ABOUT_RETURN_TYPE = YES_ERROR;
				GCC_WARN_UNDECLARED_SELECTOR = YES;
				GCC_WARN_UNINITIALIZED_AUTOS = YES_AGGRESSIVE;
				GCC_WARN_UNUSED_FUNCTION = YES;
				GCC_WARN_UNUSED_VARIABLE = YES;
				LOCALIZATION_PREFERS_STRING_CATALOGS = YES;
				MTL_ENABLE_DEBUG_INFO = NO;
				MTL_FAST_MATH = YES;
				SUPPORTED_PLATFORMS = "iphonesimulator iphoneos";
				SWIFT_COMPILATION_MODE = wholemodule;
			};
			name = Release;
		};
		EBC3384B2B480CE20037F738 /* Debug */ = {
			isa = XCBuildConfiguration;
			buildSettings = {
				ASSETCATALOG_COMPILER_APPICON_NAME = AppIcon;
				ASSETCATALOG_COMPILER_GLOBAL_ACCENT_COLOR_NAME = AccentColor;
				CODE_SIGN_ENTITLEMENTS = GitHubBrowser/GitHubBrowser.entitlements;
				CODE_SIGN_STYLE = Automatic;
				CURRENT_PROJECT_VERSION = 1;
				DEVELOPMENT_ASSET_PATHS = "\"GitHubBrowser/Preview Content\"";
				DEVELOPMENT_TEAM = 932U5M7YW2;
				ENABLE_HARDENED_RUNTIME = YES;
				ENABLE_PREVIEWS = YES;
				ENABLE_USER_SCRIPT_SANDBOXING = NO;
				GENERATE_INFOPLIST_FILE = YES;
				"INFOPLIST_KEY_UIApplicationSceneManifest_Generation[sdk=iphoneos*]" = YES;
				"INFOPLIST_KEY_UIApplicationSceneManifest_Generation[sdk=iphonesimulator*]" = YES;
				"INFOPLIST_KEY_UIApplicationSupportsIndirectInputEvents[sdk=iphoneos*]" = YES;
				"INFOPLIST_KEY_UIApplicationSupportsIndirectInputEvents[sdk=iphonesimulator*]" = YES;
				"INFOPLIST_KEY_UILaunchScreen_Generation[sdk=iphoneos*]" = YES;
				"INFOPLIST_KEY_UILaunchScreen_Generation[sdk=iphonesimulator*]" = YES;
				"INFOPLIST_KEY_UIStatusBarStyle[sdk=iphoneos*]" = UIStatusBarStyleDefault;
				"INFOPLIST_KEY_UIStatusBarStyle[sdk=iphonesimulator*]" = UIStatusBarStyleDefault;
				INFOPLIST_KEY_UISupportedInterfaceOrientations = UIInterfaceOrientationPortrait;
				INFOPLIST_KEY_UISupportedInterfaceOrientations_iPad = "UIInterfaceOrientationLandscapeLeft UIInterfaceOrientationLandscapeRight UIInterfaceOrientationPortrait UIInterfaceOrientationPortraitUpsideDown";
				IPHONEOS_DEPLOYMENT_TARGET = 17.0;
				LD_RUNPATH_SEARCH_PATHS = "@executable_path/Frameworks";
				"LD_RUNPATH_SEARCH_PATHS[sdk=macosx*]" = "@executable_path/../Frameworks";
				MACOSX_DEPLOYMENT_TARGET = 14.0;
				MARKETING_VERSION = 1.0;
				PRODUCT_BUNDLE_IDENTIFIER = me.GitHubBrowser;
				PRODUCT_NAME = "$(TARGET_NAME)";
				SDKROOT = auto;
				SUPPORTED_PLATFORMS = "iphoneos iphonesimulator";
				SUPPORTS_MACCATALYST = NO;
				SWIFT_EMIT_LOC_STRINGS = YES;
				SWIFT_VERSION = 5.0;
				TARGETED_DEVICE_FAMILY = 1;
			};
			name = Debug;
		};
		EBC3384C2B480CE20037F738 /* Release */ = {
			isa = XCBuildConfiguration;
			buildSettings = {
				ASSETCATALOG_COMPILER_APPICON_NAME = AppIcon;
				ASSETCATALOG_COMPILER_GLOBAL_ACCENT_COLOR_NAME = AccentColor;
				CODE_SIGN_ENTITLEMENTS = GitHubBrowser/GitHubBrowser.entitlements;
				CODE_SIGN_STYLE = Automatic;
				CURRENT_PROJECT_VERSION = 1;
				DEVELOPMENT_ASSET_PATHS = "\"GitHubBrowser/Preview Content\"";
				DEVELOPMENT_TEAM = 932U5M7YW2;
				ENABLE_HARDENED_RUNTIME = YES;
				ENABLE_PREVIEWS = YES;
				ENABLE_USER_SCRIPT_SANDBOXING = NO;
				GENERATE_INFOPLIST_FILE = YES;
				"INFOPLIST_KEY_UIApplicationSceneManifest_Generation[sdk=iphoneos*]" = YES;
				"INFOPLIST_KEY_UIApplicationSceneManifest_Generation[sdk=iphonesimulator*]" = YES;
				"INFOPLIST_KEY_UIApplicationSupportsIndirectInputEvents[sdk=iphoneos*]" = YES;
				"INFOPLIST_KEY_UIApplicationSupportsIndirectInputEvents[sdk=iphonesimulator*]" = YES;
				"INFOPLIST_KEY_UILaunchScreen_Generation[sdk=iphoneos*]" = YES;
				"INFOPLIST_KEY_UILaunchScreen_Generation[sdk=iphonesimulator*]" = YES;
				"INFOPLIST_KEY_UIStatusBarStyle[sdk=iphoneos*]" = UIStatusBarStyleDefault;
				"INFOPLIST_KEY_UIStatusBarStyle[sdk=iphonesimulator*]" = UIStatusBarStyleDefault;
				INFOPLIST_KEY_UISupportedInterfaceOrientations = UIInterfaceOrientationPortrait;
				INFOPLIST_KEY_UISupportedInterfaceOrientations_iPad = "UIInterfaceOrientationLandscapeLeft UIInterfaceOrientationLandscapeRight UIInterfaceOrientationPortrait UIInterfaceOrientationPortraitUpsideDown";
				IPHONEOS_DEPLOYMENT_TARGET = 17.0;
				LD_RUNPATH_SEARCH_PATHS = "@executable_path/Frameworks";
				"LD_RUNPATH_SEARCH_PATHS[sdk=macosx*]" = "@executable_path/../Frameworks";
				MACOSX_DEPLOYMENT_TARGET = 14.0;
				MARKETING_VERSION = 1.0;
				PRODUCT_BUNDLE_IDENTIFIER = me.GitHubBrowser;
				PRODUCT_NAME = "$(TARGET_NAME)";
				SDKROOT = auto;
				SUPPORTED_PLATFORMS = "iphoneos iphonesimulator";
				SUPPORTS_MACCATALYST = NO;
				SWIFT_EMIT_LOC_STRINGS = YES;
				SWIFT_VERSION = 5.0;
				TARGETED_DEVICE_FAMILY = 1;
			};
			name = Release;
		};
		EBC3384E2B480CE20037F738 /* Debug */ = {
			isa = XCBuildConfiguration;
			buildSettings = {
				ALWAYS_EMBED_SWIFT_STANDARD_LIBRARIES = YES;
				BUNDLE_LOADER = "$(TEST_HOST)";
				CLANG_ENABLE_MODULES = YES;
				CODE_SIGN_STYLE = Automatic;
				CURRENT_PROJECT_VERSION = 1;
				DEVELOPMENT_TEAM = 932U5M7YW2;
				GENERATE_INFOPLIST_FILE = YES;
				IPHONEOS_DEPLOYMENT_TARGET = 17.0;
				MACOSX_DEPLOYMENT_TARGET = 14.0;
				MARKETING_VERSION = 1.0;
				PRODUCT_BUNDLE_IDENTIFIER = me.GitHubBrowserTests;
				PRODUCT_NAME = "$(TARGET_NAME)";
				SDKROOT = auto;
				SUPPORTED_PLATFORMS = "iphoneos iphonesimulator macosx";
				SWIFT_EMIT_LOC_STRINGS = NO;
				SWIFT_OBJC_BRIDGING_HEADER = "GitHubBrowserTests/GitHubBrowserTests-Bridging-Header.h";
				SWIFT_OPTIMIZATION_LEVEL = "-Onone";
				SWIFT_VERSION = 5.0;
				TARGETED_DEVICE_FAMILY = "1,2";
				TEST_HOST = "$(BUILT_PRODUCTS_DIR)/GitHubBrowser.app/$(BUNDLE_EXECUTABLE_FOLDER_PATH)/GitHubBrowser";
			};
			name = Debug;
		};
		EBC3384F2B480CE20037F738 /* Release */ = {
			isa = XCBuildConfiguration;
			buildSettings = {
				ALWAYS_EMBED_SWIFT_STANDARD_LIBRARIES = YES;
				BUNDLE_LOADER = "$(TEST_HOST)";
				CLANG_ENABLE_MODULES = YES;
				CODE_SIGN_STYLE = Automatic;
				CURRENT_PROJECT_VERSION = 1;
				DEVELOPMENT_TEAM = 932U5M7YW2;
				GENERATE_INFOPLIST_FILE = YES;
				IPHONEOS_DEPLOYMENT_TARGET = 17.0;
				MACOSX_DEPLOYMENT_TARGET = 14.0;
				MARKETING_VERSION = 1.0;
				PRODUCT_BUNDLE_IDENTIFIER = me.GitHubBrowserTests;
				PRODUCT_NAME = "$(TARGET_NAME)";
				SDKROOT = auto;
				SUPPORTED_PLATFORMS = "iphoneos iphonesimulator macosx";
				SWIFT_EMIT_LOC_STRINGS = NO;
				SWIFT_OBJC_BRIDGING_HEADER = "GitHubBrowserTests/GitHubBrowserTests-Bridging-Header.h";
				SWIFT_VERSION = 5.0;
				TARGETED_DEVICE_FAMILY = "1,2";
				TEST_HOST = "$(BUILT_PRODUCTS_DIR)/GitHubBrowser.app/$(BUNDLE_EXECUTABLE_FOLDER_PATH)/GitHubBrowser";
			};
			name = Release;
		};
/* End XCBuildConfiguration section */

/* Begin XCConfigurationList section */
		EBC338202B480CE00037F738 /* Build configuration list for PBXProject "GitHubBrowser" */ = {
			isa = XCConfigurationList;
			buildConfigurations = (
				EBC338482B480CE20037F738 /* Debug */,
				EBC338492B480CE20037F738 /* Release */,
			);
			defaultConfigurationIsVisible = 0;
			defaultConfigurationName = Release;
		};
		EBC3384A2B480CE20037F738 /* Build configuration list for PBXNativeTarget "GitHubBrowser" */ = {
			isa = XCConfigurationList;
			buildConfigurations = (
				EBC3384B2B480CE20037F738 /* Debug */,
				EBC3384C2B480CE20037F738 /* Release */,
			);
			defaultConfigurationIsVisible = 0;
			defaultConfigurationName = Release;
		};
		EBC3384D2B480CE20037F738 /* Build configuration list for PBXNativeTarget "GitHubBrowserTests" */ = {
			isa = XCConfigurationList;
			buildConfigurations = (
				EBC3384E2B480CE20037F738 /* Debug */,
				EBC3384F2B480CE20037F738 /* Release */,
			);
			defaultConfigurationIsVisible = 0;
			defaultConfigurationName = Release;
		};
/* End XCConfigurationList section */

/* Begin XCSwiftPackageProductDependency section */
		EB9AACF32B48257100B13914 /* GitHubBrowserNetwork */ = {
			isa = XCSwiftPackageProductDependency;
			productName = GitHubBrowserNetwork;
		};
		EBFE07B02B4876E500490D6C /* GitHubBrowserUI */ = {
			isa = XCSwiftPackageProductDependency;
			productName = GitHubBrowserUI;
		};
/* End XCSwiftPackageProductDependency section */
	};
	rootObject = EBC3381D2B480CE00037F738 /* Project object */;
}
